
Microsoft Visual Studio Solution File, Format Version 12.00
# Visual Studio Version 16
VisualStudioVersion = 16.0.28803.156
MinimumVisualStudioVersion = 10.0.40219.1
Project("{FAE04EC0-301F-11D3-BF4B-00C04F79EFBC}") = "Stunnig.API", "Stunnig.API\Stunnig.API.csproj", "{7A7407E9-3168-4381-9414-CF2DDEF535CF}"
EndProject
Project("{FAE04EC0-301F-11D3-BF4B-00C04F79EFBC}") = "Stunning.MVC", "Stunning.MVC\Stunning.MVC.csproj", "{757FD7A3-402A-4BCC-A9AD-B6EEF38F4491}"
EndProject
Global
	GlobalSection(SolutionConfigurationPlatforms) = preSolution
		Debug|Any CPU = Debug|Any CPU
		Release|Any CPU = Release|Any CPU
	EndGlobalSection
	GlobalSection(ProjectConfigurationPlatforms) = postSolution
		{7A7407E9-3168-4381-9414-CF2DDEF535CF}.Debug|Any CPU.ActiveCfg = Debug|Any CPU
		{7A7407E9-3168-4381-9414-CF2DDEF535CF}.Debug|Any CPU.Build.0 = Debug|Any CPU
		{7A7407E9-3168-4381-9414-CF2DDEF535CF}.Release|Any CPU.ActiveCfg = Release|Any CPU
		{7A7407E9-3168-4381-9414-CF2DDEF535CF}.Release|Any CPU.Build.0 = Release|Any CPU
		{757FD7A3-402A-4BCC-A9AD-B6EEF38F4491}.Debug|Any CPU.ActiveCfg = Debug|Any CPU
		{757FD7A3-402A-4BCC-A9AD-B6EEF38F4491}.Debug|Any CPU.Build.0 = Debug|Any CPU
		{757FD7A3-402A-4BCC-A9AD-B6EEF38F4491}.Release|Any CPU.ActiveCfg = Release|Any CPU
		{757FD7A3-402A-4BCC-A9AD-B6EEF38F4491}.Release|Any CPU.Build.0 = Release|Any CPU
	EndGlobalSection
	GlobalSection(SolutionProperties) = preSolution
		HideSolutionNode = FALSE
	EndGlobalSection
	GlobalSection(ExtensibilityGlobals) = postSolution
		SolutionGuid = {3905CDEA-139A-47A0-BE15-FE9A87D3CDF2}
	EndGlobalSection
EndGlobal
